<?xml version="1.0" encoding="utf-8"?>
<Project ToolsVersion="4.0" xmlns="http://schemas.microsoft.com/developer/msbuild/2003">
  <ItemGroup>
    <Filter Include="소스 파일">
      <UniqueIdentifier>{4FC737F1-C7A5-4376-A066-2A32D752A2FF}</UniqueIdentifier>
      <Extensions>cpp;c;cc;cxx;c++;cppm;ixx;def;odl;idl;hpj;bat;asm;asmx</Extensions>
    </Filter>
    <Filter Include="헤더 파일">
      <UniqueIdentifier>{93995380-89BD-4b04-88EB-625FBE52EBFB}</UniqueIdentifier>
      <Extensions>h;hh;hpp;hxx;h++;hm;inl;inc;ipp;xsd</Extensions>
    </Filter>
    <Filter Include="리소스 파일">
      <UniqueIdentifier>{67DA6AB6-F800-4c08-8B7A-83BB121AAD01}</UniqueIdentifier>
      <Extensions>rc;ico;cur;bmp;dlg;rc2;rct;bin;rgs;gif;jpg;jpeg;jpe;resx;tiff;tif;png;wav;mfcribbon-ms</Extensions>
    </Filter>
    <Filter Include="소스 파일\Manager">
      <UniqueIdentifier>{84229231-5989-47ea-ae25-66dee340aac9}</UniqueIdentifier>
    </Filter>
    <Filter Include="소스 파일\GUI">
      <UniqueIdentifier>{dbb1f8eb-7c1a-4eb4-b50b-a0df4f7c7634}</UniqueIdentifier>
    </Filter>
    <Filter Include="소스 파일\EH">
      <UniqueIdentifier>{cd9840e7-6bf2-462a-91fc-09565126ca05}</UniqueIdentifier>
    </Filter>
    <Filter Include="소스 파일\Data">
      <UniqueIdentifier>{0b96f22b-748c-4811-b5ab-13e80b42b3ee}</UniqueIdentifier>
    </Filter>
  </ItemGroup>
  <ItemGroup>
    <ClInclude Include="framework.h">
      <Filter>헤더 파일</Filter>
    </ClInclude>
    <ClInclude Include="targetver.h">
      <Filter>헤더 파일</Filter>
    </ClInclude>
    <ClInclude Include="Resource.h">
      <Filter>헤더 파일</Filter>
    </ClInclude>
    <ClInclude Include="Habbiter.h">
      <Filter>헤더 파일</Filter>
    </ClInclude>
    <ClInclude Include="HabitManager.h">
      <Filter>소스 파일\Manager</Filter>
    </ClInclude>
    <ClInclude Include="RecordManager.h">
      <Filter>소스 파일\Manager</Filter>
    </ClInclude>
    <ClInclude Include="FileManager.h">
      <Filter>소스 파일\Manager</Filter>
    </ClInclude>
    <ClInclude Include="CalendarManager.h">
      <Filter>소스 파일\Manager</Filter>
    </ClInclude>
    <ClInclude Include="EH.h">
      <Filter>소스 파일\EH</Filter>
    </ClInclude>
  </ItemGroup>
  <ItemGroup>
    <ClCompile Include="FileManager.cpp">
      <Filter>소스 파일\Manager</Filter>
    </ClCompile>
    <ClCompile Include="HabitManager.cpp">
      <Filter>소스 파일\Manager</Filter>
    </ClCompile>
    <ClCompile Include="RecordManager.cpp">
      <Filter>소스 파일\Manager</Filter>
    </ClCompile>
    <ClCompile Include="Habbiter.cpp">
      <Filter>소스 파일\GUI</Filter>
    </ClCompile>
    <ClCompile Include="EH.cpp">
      <Filter>소스 파일\EH</Filter>
    </ClCompile>
    <ClCompile Include="Habit.h">
      <Filter>소스 파일\Data</Filter>
    </ClCompile>
    <ClCompile Include="DailyRecord.h">
      <Filter>소스 파일\Data</Filter>
    </ClCompile>
    <ClCompile Include="CalendarManager.cpp">
      <Filter>소스 파일\Manager</Filter>
    </ClCompile>
  </ItemGroup>
  <ItemGroup>
    <ResourceCompile Include="Habbiter.rc">
      <Filter>리소스 파일</Filter>
    </ResourceCompile>
  </ItemGroup>
  <ItemGroup>
    <Image Include="small.ico">
      <Filter>리소스 파일</Filter>
    </Image>
    <Image Include="Habbiter.ico">
      <Filter>리소스 파일</Filter>
    </Image>
  </ItemGroup>
  <ItemGroup>
    <None Include="Habits.csv" />
    <None Include="Records.csv" />
  </ItemGroup>
  <ItemGroup>
    <Manifest Include="Habbiter.manifest" />
  </ItemGroup>
</Project>